
Microsoft Visual Studio Solution File, Format Version 12.00
# Visual Studio Version 17
VisualStudioVersion = 17.3.32929.385
MinimumVisualStudioVersion = 10.0.40219.1
Project("{9A19103F-16F7-4668-BE54-9A1E7A4F7556}") = "PeruTracking.Common.EventBus", "PeruTracking.Common.EventBus\PeruTracking.Common.EventBus.csproj", "{FE8DC91A-E54D-4C6D-B68E-0681B96A6816}"
EndProject
Global
	GlobalSection(SolutionConfigurationPlatforms) = preSolution
		Debug|Any CPU = Debug|Any CPU
		Release|Any CPU = Release|Any CPU
	EndGlobalSection
	GlobalSection(ProjectConfigurationPlatforms) = postSolution
		{FE8DC91A-E54D-4C6D-B68E-0681B96A6816}.Debug|Any CPU.ActiveCfg = Debug|Any CPU
		{FE8DC91A-E54D-4C6D-B68E-0681B96A6816}.Debug|Any CPU.Build.0 = Debug|Any CPU
		{FE8DC91A-E54D-4C6D-B68E-0681B96A6816}.Release|Any CPU.ActiveCfg = Release|Any CPU
		{FE8DC91A-E54D-4C6D-B68E-0681B96A6816}.Release|Any CPU.Build.0 = Release|Any CPU
	EndGlobalSection
	GlobalSection(SolutionProperties) = preSolution
		HideSolutionNode = FALSE
	EndGlobalSection
	GlobalSection(ExtensibilityGlobals) = postSolution
		SolutionGuid = {94F7A1C2-159B-4FC4-B325-84245582872F}
	EndGlobalSection
EndGlobal
